
Microsoft Visual Studio Solution File, Format Version 12.00
# Visual Studio Version 17
VisualStudioVersion = 17.11.35219.272
MinimumVisualStudioVersion = 10.0.40219.1
Project("{FAE04EC0-301F-11D3-BF4B-00C04F79EFBC}") = "RTTSSyncApp", "RTTSSyncApp.csproj", "{205FD00C-4C4D-4113-9F17-B35436CDA65E}"
EndProject
Global
	GlobalSection(SolutionConfigurationPlatforms) = preSolution
		Debug|Any CPU = Debug|Any CPU
		Release|Any CPU = Release|Any CPU
	EndGlobalSection
	GlobalSection(ProjectConfigurationPlatforms) = postSolution
		{205FD00C-4C4D-4113-9F17-B35436CDA65E}.Debug|Any CPU.ActiveCfg = Debug|Any CPU
		{205FD00C-4C4D-4113-9F17-B35436CDA65E}.Debug|Any CPU.Build.0 = Debug|Any CPU
		{205FD00C-4C4D-4113-9F17-B35436CDA65E}.Release|Any CPU.ActiveCfg = Release|Any CPU
		{205FD00C-4C4D-4113-9F17-B35436CDA65E}.Release|Any CPU.Build.0 = Release|Any CPU
	EndGlobalSection
	GlobalSection(SolutionProperties) = preSolution
		HideSolutionNode = FALSE
	EndGlobalSection
	GlobalSection(ExtensibilityGlobals) = postSolution
		SolutionGuid = {6C1F4D8B-8970-4391-9D5C-761BEF437B9C}
	EndGlobalSection
EndGlobal
